
Microsoft Visual Studio Solution File, Format Version 12.00
# Visual Studio Version 17
VisualStudioVersion = 17.0.31919.166
MinimumVisualStudioVersion = 10.0.40219.1
Project("{FAE04EC0-301F-11D3-BF4B-00C04F79EFBC}") = "DZ5.4", "DZ5.4\DZ5.4.csproj", "{A7929554-4A10-48D2-9251-3CDECB5D0685}"
EndProject
Global
	GlobalSection(SolutionConfigurationPlatforms) = preSolution
		Debug|Any CPU = Debug|Any CPU
		Release|Any CPU = Release|Any CPU
	EndGlobalSection
	GlobalSection(ProjectConfigurationPlatforms) = postSolution
		{A7929554-4A10-48D2-9251-3CDECB5D0685}.Debug|Any CPU.ActiveCfg = Debug|Any CPU
		{A7929554-4A10-48D2-9251-3CDECB5D0685}.Debug|Any CPU.Build.0 = Debug|Any CPU
		{A7929554-4A10-48D2-9251-3CDECB5D0685}.Release|Any CPU.ActiveCfg = Release|Any CPU
		{A7929554-4A10-48D2-9251-3CDECB5D0685}.Release|Any CPU.Build.0 = Release|Any CPU
	EndGlobalSection
	GlobalSection(SolutionProperties) = preSolution
		HideSolutionNode = FALSE
	EndGlobalSection
	GlobalSection(ExtensibilityGlobals) = postSolution
		SolutionGuid = {7C87A813-004F-4861-80C4-50E98AD6C305}
	EndGlobalSection
EndGlobal
